
Microsoft Visual Studio Solution File, Format Version 12.00
# Visual Studio Version 17
VisualStudioVersion = 17.12.35527.113
MinimumVisualStudioVersion = 10.0.40219.1
Project("{FAE04EC0-301F-11D3-BF4B-00C04F79EFBC}") = "BlazorTicTacToe", "BlazorTicTacToe\BlazorTicTacToe\BlazorTicTacToe.csproj", "{787D7C1E-B94D-4F37-87EC-F5507E8D47C4}"
EndProject
Project("{FAE04EC0-301F-11D3-BF4B-00C04F79EFBC}") = "BlazorTicTacToe.Client", "BlazorTicTacToe\BlazorTicTacToe.Client\BlazorTicTacToe.Client.csproj", "{D7DBF631-C861-4EED-B4ED-02CD59F11258}"
EndProject
Project("{FAE04EC0-301F-11D3-BF4B-00C04F79EFBC}") = "BlazorTicTacToe.Shared", "BlazorTicTacToe.Shared\BlazorTicTacToe.Shared.csproj", "{F8DA6280-95DD-4A75-8763-D1D4B069B297}"
EndProject
Global
	GlobalSection(SolutionConfigurationPlatforms) = preSolution
		Debug|Any CPU = Debug|Any CPU
		Release|Any CPU = Release|Any CPU
	EndGlobalSection
	GlobalSection(ProjectConfigurationPlatforms) = postSolution
		{787D7C1E-B94D-4F37-87EC-F5507E8D47C4}.Debug|Any CPU.ActiveCfg = Debug|Any CPU
		{787D7C1E-B94D-4F37-87EC-F5507E8D47C4}.Debug|Any CPU.Build.0 = Debug|Any CPU
		{787D7C1E-B94D-4F37-87EC-F5507E8D47C4}.Release|Any CPU.ActiveCfg = Release|Any CPU
		{787D7C1E-B94D-4F37-87EC-F5507E8D47C4}.Release|Any CPU.Build.0 = Release|Any CPU
		{D7DBF631-C861-4EED-B4ED-02CD59F11258}.Debug|Any CPU.ActiveCfg = Debug|Any CPU
		{D7DBF631-C861-4EED-B4ED-02CD59F11258}.Debug|Any CPU.Build.0 = Debug|Any CPU
		{D7DBF631-C861-4EED-B4ED-02CD59F11258}.Release|Any CPU.ActiveCfg = Release|Any CPU
		{D7DBF631-C861-4EED-B4ED-02CD59F11258}.Release|Any CPU.Build.0 = Release|Any CPU
		{F8DA6280-95DD-4A75-8763-D1D4B069B297}.Debug|Any CPU.ActiveCfg = Debug|Any CPU
		{F8DA6280-95DD-4A75-8763-D1D4B069B297}.Debug|Any CPU.Build.0 = Debug|Any CPU
		{F8DA6280-95DD-4A75-8763-D1D4B069B297}.Release|Any CPU.ActiveCfg = Release|Any CPU
		{F8DA6280-95DD-4A75-8763-D1D4B069B297}.Release|Any CPU.Build.0 = Release|Any CPU
	EndGlobalSection
	GlobalSection(SolutionProperties) = preSolution
		HideSolutionNode = FALSE
	EndGlobalSection
EndGlobal
